
Microsoft Visual Studio Solution File, Format Version 12.00
# Visual Studio Version 17
VisualStudioVersion = 17.3.32901.215
MinimumVisualStudioVersion = 10.0.40219.1
Project("{9A19103F-16F7-4668-BE54-9A1E7A4F7556}") = "GameServer", "GameServer.csproj", "{5862C615-64A8-4726-BD6D-50E48E6327AD}"
EndProject
Global
	GlobalSection(SolutionConfigurationPlatforms) = preSolution
		Debug|Any CPU = Debug|Any CPU
		Release|Any CPU = Release|Any CPU
	EndGlobalSection
	GlobalSection(ProjectConfigurationPlatforms) = postSolution
		{5862C615-64A8-4726-BD6D-50E48E6327AD}.Debug|Any CPU.ActiveCfg = Debug|Any CPU
		{5862C615-64A8-4726-BD6D-50E48E6327AD}.Debug|Any CPU.Build.0 = Debug|Any CPU
		{5862C615-64A8-4726-BD6D-50E48E6327AD}.Release|Any CPU.ActiveCfg = Release|Any CPU
		{5862C615-64A8-4726-BD6D-50E48E6327AD}.Release|Any CPU.Build.0 = Release|Any CPU
	EndGlobalSection
	GlobalSection(SolutionProperties) = preSolution
		HideSolutionNode = FALSE
	EndGlobalSection
	GlobalSection(ExtensibilityGlobals) = postSolution
		SolutionGuid = {56080371-633F-45F3-811E-C4ED56141DB8}
	EndGlobalSection
EndGlobal
